
Microsoft Visual Studio Solution File, Format Version 12.00
# Visual Studio Version 17
VisualStudioVersion = 17.0.31903.59
MinimumVisualStudioVersion = 10.0.40219.1
Project("{FAE04EC0-301F-11D3-BF4B-00C04F79EFBC}") = "SolarSystemMonitor.UWP", "SolarSystemMonitor.UWP\SolarSystemMonitor.UWP.csproj", "{40744703-1E01-42F5-852D-178EB32106C5}"
EndProject
Project("{FAE04EC0-301F-11D3-BF4B-00C04F79EFBC}") = "SolarSystemMonitor.Android", "SolarSystemMonitor.Android\SolarSystemMonitor.Android.csproj", "{9731B1EC-0D0B-4A5E-A1A9-2EEA03144FF4}"
EndProject
Project("{FAE04EC0-301F-11D3-BF4B-00C04F79EFBC}") = "SolarSystemMonitor.iOS", "SolarSystemMonitor.iOS\SolarSystemMonitor.iOS.csproj", "{F7C33686-DC17-44FE-8FF1-267FBB5CAB2D}"
EndProject
Project("{FAE04EC0-301F-11D3-BF4B-00C04F79EFBC}") = "SolarSystemMonitor", "SolarSystemMonitor\SolarSystemMonitor.csproj", "{125834AA-1423-4994-9566-B0AEFDF8A772}"
EndProject
Global
	GlobalSection(SolutionConfigurationPlatforms) = preSolution
		Debug|Any CPU = Debug|Any CPU
		Debug|ARM = Debug|ARM
		Debug|iPhone = Debug|iPhone
		Debug|iPhoneSimulator = Debug|iPhoneSimulator
		Debug|x64 = Debug|x64
		Debug|x86 = Debug|x86
		Release|Any CPU = Release|Any CPU
		Release|ARM = Release|ARM
		Release|iPhone = Release|iPhone
		Release|iPhoneSimulator = Release|iPhoneSimulator
		Release|x64 = Release|x64
		Release|x86 = Release|x86
	EndGlobalSection
	GlobalSection(ProjectConfigurationPlatforms) = postSolution
		{40744703-1E01-42F5-852D-178EB32106C5}.Debug|Any CPU.ActiveCfg = Debug|x64
		{40744703-1E01-42F5-852D-178EB32106C5}.Debug|Any CPU.Build.0 = Debug|x64
		{40744703-1E01-42F5-852D-178EB32106C5}.Debug|Any CPU.Deploy.0 = Debug|x64
		{40744703-1E01-42F5-852D-178EB32106C5}.Debug|ARM.ActiveCfg = Debug|ARM
		{40744703-1E01-42F5-852D-178EB32106C5}.Debug|ARM.Build.0 = Debug|ARM
		{40744703-1E01-42F5-852D-178EB32106C5}.Debug|ARM.Deploy.0 = Debug|ARM
		{40744703-1E01-42F5-852D-178EB32106C5}.Debug|iPhone.ActiveCfg = Debug|x64
		{40744703-1E01-42F5-852D-178EB32106C5}.Debug|iPhone.Build.0 = Debug|x64
		{40744703-1E01-42F5-852D-178EB32106C5}.Debug|iPhone.Deploy.0 = Debug|x64
		{40744703-1E01-42F5-852D-178EB32106C5}.Debug|iPhoneSimulator.ActiveCfg = Debug|x64
		{40744703-1E01-42F5-852D-178EB32106C5}.Debug|iPhoneSimulator.Build.0 = Debug|x64
		{40744703-1E01-42F5-852D-178EB32106C5}.Debug|iPhoneSimulator.Deploy.0 = Debug|x64
		{40744703-1E01-42F5-852D-178EB32106C5}.Debug|x64.ActiveCfg = Debug|x64
		{40744703-1E01-42F5-852D-178EB32106C5}.Debug|x64.Build.0 = Debug|x64
		{40744703-1E01-42F5-852D-178EB32106C5}.Debug|x64.Deploy.0 = Debug|x64
		{40744703-1E01-42F5-852D-178EB32106C5}.Debug|x86.ActiveCfg = Debug|x86
		{40744703-1E01-42F5-852D-178EB32106C5}.Debug|x86.Build.0 = Debug|x86
		{40744703-1E01-42F5-852D-178EB32106C5}.Debug|x86.Deploy.0 = Debug|x86
		{40744703-1E01-42F5-852D-178EB32106C5}.Release|Any CPU.ActiveCfg = Release|x64
		{40744703-1E01-42F5-852D-178EB32106C5}.Release|Any CPU.Build.0 = Release|x64
		{40744703-1E01-42F5-852D-178EB32106C5}.Release|Any CPU.Deploy.0 = Release|x64
		{40744703-1E01-42F5-852D-178EB32106C5}.Release|ARM.ActiveCfg = Release|ARM
		{40744703-1E01-42F5-852D-178EB32106C5}.Release|ARM.Build.0 = Release|ARM
		{40744703-1E01-42F5-852D-178EB32106C5}.Release|ARM.Deploy.0 = Release|ARM
		{40744703-1E01-42F5-852D-178EB32106C5}.Release|iPhone.ActiveCfg = Release|x64
		{40744703-1E01-42F5-852D-178EB32106C5}.Release|iPhone.Build.0 = Release|x64
		{40744703-1E01-42F5-852D-178EB32106C5}.Release|iPhone.Deploy.0 = Release|x64
		{40744703-1E01-42F5-852D-178EB32106C5}.Release|iPhoneSimulator.ActiveCfg = Release|x64
		{40744703-1E01-42F5-852D-178EB32106C5}.Release|iPhoneSimulator.Build.0 = Release|x64
		{40744703-1E01-42F5-852D-178EB32106C5}.Release|iPhoneSimulator.Deploy.0 = Release|x64
		{40744703-1E01-42F5-852D-178EB32106C5}.Release|x64.ActiveCfg = Release|x64
		{40744703-1E01-42F5-852D-178EB32106C5}.Release|x64.Build.0 = Release|x64
		{40744703-1E01-42F5-852D-178EB32106C5}.Release|x64.Deploy.0 = Release|x64
		{40744703-1E01-42F5-852D-178EB32106C5}.Release|x86.ActiveCfg = Release|x86
		{40744703-1E01-42F5-852D-178EB32106C5}.Release|x86.Build.0 = Release|x86
		{40744703-1E01-42F5-852D-178EB32106C5}.Release|x86.Deploy.0 = Release|x86
		{9731B1EC-0D0B-4A5E-A1A9-2EEA03144FF4}.Debug|Any CPU.ActiveCfg = Debug|Any CPU
		{9731B1EC-0D0B-4A5E-A1A9-2EEA03144FF4}.Debug|Any CPU.Build.0 = Debug|Any CPU
		{9731B1EC-0D0B-4A5E-A1A9-2EEA03144FF4}.Debug|Any CPU.Deploy.0 = Debug|Any CPU
		{9731B1EC-0D0B-4A5E-A1A9-2EEA03144FF4}.Debug|ARM.ActiveCfg = Debug|Any CPU
		{9731B1EC-0D0B-4A5E-A1A9-2EEA03144FF4}.Debug|ARM.Build.0 = Debug|Any CPU
		{9731B1EC-0D0B-4A5E-A1A9-2EEA03144FF4}.Debug|ARM.Deploy.0 = Debug|Any CPU
		{9731B1EC-0D0B-4A5E-A1A9-2EEA03144FF4}.Debug|iPhone.ActiveCfg = Debug|Any CPU
		{9731B1EC-0D0B-4A5E-A1A9-2EEA03144FF4}.Debug|iPhone.Build.0 = Debug|Any CPU
		{9731B1EC-0D0B-4A5E-A1A9-2EEA03144FF4}.Debug|iPhone.Deploy.0 = Debug|Any CPU
		{9731B1EC-0D0B-4A5E-A1A9-2EEA03144FF4}.Debug|iPhoneSimulator.ActiveCfg = Debug|Any CPU
		{9731B1EC-0D0B-4A5E-A1A9-2EEA03144FF4}.Debug|iPhoneSimulator.Build.0 = Debug|Any CPU
		{9731B1EC-0D0B-4A5E-A1A9-2EEA03144FF4}.Debug|iPhoneSimulator.Deploy.0 = Debug|Any CPU
		{9731B1EC-0D0B-4A5E-A1A9-2EEA03144FF4}.Debug|x64.ActiveCfg = Debug|Any CPU
		{9731B1EC-0D0B-4A5E-A1A9-2EEA03144FF4}.Debug|x64.Build.0 = Debug|Any CPU
		{9731B1EC-0D0B-4A5E-A1A9-2EEA03144FF4}.Debug|x64.Deploy.0 = Debug|Any CPU
		{9731B1EC-0D0B-4A5E-A1A9-2EEA03144FF4}.Debug|x86.ActiveCfg = Debug|Any CPU
		{9731B1EC-0D0B-4A5E-A1A9-2EEA03144FF4}.Debug|x86.Build.0 = Debug|Any CPU
		{9731B1EC-0D0B-4A5E-A1A9-2EEA03144FF4}.Debug|x86.Deploy.0 = Debug|Any CPU
		{9731B1EC-0D0B-4A5E-A1A9-2EEA03144FF4}.Release|Any CPU.ActiveCfg = Release|Any CPU
		{9731B1EC-0D0B-4A5E-A1A9-2EEA03144FF4}.Release|Any CPU.Build.0 = Release|Any CPU
		{9731B1EC-0D0B-4A5E-A1A9-2EEA03144FF4}.Release|Any CPU.Deploy.0 = Release|Any CPU
		{9731B1EC-0D0B-4A5E-A1A9-2EEA03144FF4}.Release|ARM.ActiveCfg = Release|Any CPU
		{9731B1EC-0D0B-4A5E-A1A9-2EEA03144FF4}.Release|ARM.Build.0 = Release|Any CPU
		{9731B1EC-0D0B-4A5E-A1A9-2EEA03144FF4}.Release|ARM.Deploy.0 = Release|Any CPU
		{9731B1EC-0D0B-4A5E-A1A9-2EEA03144FF4}.Release|iPhone.ActiveCfg = Release|Any CPU
		{9731B1EC-0D0B-4A5E-A1A9-2EEA03144FF4}.Release|iPhone.Build.0 = Release|Any CPU
		{9731B1EC-0D0B-4A5E-A1A9-2EEA03144FF4}.Release|iPhone.Deploy.0 = Release|Any CPU
		{9731B1EC-0D0B-4A5E-A1A9-2EEA03144FF4}.Release|iPhoneSimulator.ActiveCfg = Release|Any CPU
		{9731B1EC-0D0B-4A5E-A1A9-2EEA03144FF4}.Release|iPhoneSimulator.Build.0 = Release|Any CPU
		{9731B1EC-0D0B-4A5E-A1A9-2EEA03144FF4}.Release|iPhoneSimulator.Deploy.0 = Release|Any CPU
		{9731B1EC-0D0B-4A5E-A1A9-2EEA03144FF4}.Release|x64.ActiveCfg = Release|Any CPU
		{9731B1EC-0D0B-4A5E-A1A9-2EEA03144FF4}.Release|x64.Build.0 = Release|Any CPU
		{9731B1EC-0D0B-4A5E-A1A9-2EEA03144FF4}.Release|x64.Deploy.0 = Release|Any CPU
		{9731B1EC-0D0B-4A5E-A1A9-2EEA03144FF4}.Release|x86.ActiveCfg = Release|Any CPU
		{9731B1EC-0D0B-4A5E-A1A9-2EEA03144FF4}.Release|x86.Build.0 = Release|Any CPU
		{9731B1EC-0D0B-4A5E-A1A9-2EEA03144FF4}.Release|x86.Deploy.0 = Release|Any CPU
		{F7C33686-DC17-44FE-8FF1-267FBB5CAB2D}.Debug|Any CPU.ActiveCfg = Debug|iPhoneSimulator
		{F7C33686-DC17-44FE-8FF1-267FBB5CAB2D}.Debug|Any CPU.Build.0 = Debug|iPhoneSimulator
		{F7C33686-DC17-44FE-8FF1-267FBB5CAB2D}.Debug|Any CPU.Deploy.0 = Debug|iPhoneSimulator
		{F7C33686-DC17-44FE-8FF1-267FBB5CAB2D}.Debug|ARM.ActiveCfg = Debug|iPhoneSimulator
		{F7C33686-DC17-44FE-8FF1-267FBB5CAB2D}.Debug|ARM.Build.0 = Debug|iPhoneSimulator
		{F7C33686-DC17-44FE-8FF1-267FBB5CAB2D}.Debug|ARM.Deploy.0 = Debug|iPhoneSimulator
		{F7C33686-DC17-44FE-8FF1-267FBB5CAB2D}.Debug|iPhone.ActiveCfg = Debug|iPhone
		{F7C33686-DC17-44FE-8FF1-267FBB5CAB2D}.Debug|iPhone.Build.0 = Debug|iPhone
		{F7C33686-DC17-44FE-8FF1-267FBB5CAB2D}.Debug|iPhone.Deploy.0 = Debug|iPhone
		{F7C33686-DC17-44FE-8FF1-267FBB5CAB2D}.Debug|iPhoneSimulator.ActiveCfg = Debug|iPhoneSimulator
		{F7C33686-DC17-44FE-8FF1-267FBB5CAB2D}.Debug|iPhoneSimulator.Build.0 = Debug|iPhoneSimulator
		{F7C33686-DC17-44FE-8FF1-267FBB5CAB2D}.Debug|iPhoneSimulator.Deploy.0 = Debug|iPhoneSimulator
		{F7C33686-DC17-44FE-8FF1-267FBB5CAB2D}.Debug|x64.ActiveCfg = Debug|iPhone
		{F7C33686-DC17-44FE-8FF1-267FBB5CAB2D}.Debug|x64.Build.0 = Debug|iPhone
		{F7C33686-DC17-44FE-8FF1-267FBB5CAB2D}.Debug|x64.Deploy.0 = Debug|iPhone
		{F7C33686-DC17-44FE-8FF1-267FBB5CAB2D}.Debug|x86.ActiveCfg = Debug|iPhoneSimulator
		{F7C33686-DC17-44FE-8FF1-267FBB5CAB2D}.Debug|x86.Build.0 = Debug|iPhoneSimulator
		{F7C33686-DC17-44FE-8FF1-267FBB5CAB2D}.Debug|x86.Deploy.0 = Debug|iPhoneSimulator
		{F7C33686-DC17-44FE-8FF1-267FBB5CAB2D}.Release|Any CPU.ActiveCfg = Release|iPhoneSimulator
		{F7C33686-DC17-44FE-8FF1-267FBB5CAB2D}.Release|Any CPU.Build.0 = Release|iPhoneSimulator
		{F7C33686-DC17-44FE-8FF1-267FBB5CAB2D}.Release|Any CPU.Deploy.0 = Release|iPhoneSimulator
		{F7C33686-DC17-44FE-8FF1-267FBB5CAB2D}.Release|ARM.ActiveCfg = Release|iPhoneSimulator
		{F7C33686-DC17-44FE-8FF1-267FBB5CAB2D}.Release|ARM.Build.0 = Release|iPhoneSimulator
		{F7C33686-DC17-44FE-8FF1-267FBB5CAB2D}.Release|ARM.Deploy.0 = Release|iPhoneSimulator
		{F7C33686-DC17-44FE-8FF1-267FBB5CAB2D}.Release|iPhone.ActiveCfg = Release|iPhone
		{F7C33686-DC17-44FE-8FF1-267FBB5CAB2D}.Release|iPhone.Build.0 = Release|iPhone
		{F7C33686-DC17-44FE-8FF1-267FBB5CAB2D}.Release|iPhone.Deploy.0 = Release|iPhone
		{F7C33686-DC17-44FE-8FF1-267FBB5CAB2D}.Release|iPhoneSimulator.ActiveCfg = Release|iPhoneSimulator
		{F7C33686-DC17-44FE-8FF1-267FBB5CAB2D}.Release|iPhoneSimulator.Build.0 = Release|iPhoneSimulator
		{F7C33686-DC17-44FE-8FF1-267FBB5CAB2D}.Release|iPhoneSimulator.Deploy.0 = Release|iPhoneSimulator
		{F7C33686-DC17-44FE-8FF1-267FBB5CAB2D}.Release|x64.ActiveCfg = Release|iPhoneSimulator
		{F7C33686-DC17-44FE-8FF1-267FBB5CAB2D}.Release|x64.Build.0 = Release|iPhoneSimulator
		{F7C33686-DC17-44FE-8FF1-267FBB5CAB2D}.Release|x64.Deploy.0 = Release|iPhoneSimulator
		{F7C33686-DC17-44FE-8FF1-267FBB5CAB2D}.Release|x86.ActiveCfg = Release|iPhoneSimulator
		{F7C33686-DC17-44FE-8FF1-267FBB5CAB2D}.Release|x86.Build.0 = Release|iPhoneSimulator
		{F7C33686-DC17-44FE-8FF1-267FBB5CAB2D}.Release|x86.Deploy.0 = Release|iPhoneSimulator
		{125834AA-1423-4994-9566-B0AEFDF8A772}.Debug|Any CPU.ActiveCfg = Debug|Any CPU
		{125834AA-1423-4994-9566-B0AEFDF8A772}.Debug|Any CPU.Build.0 = Debug|Any CPU
		{125834AA-1423-4994-9566-B0AEFDF8A772}.Debug|Any CPU.Deploy.0 = Debug|Any CPU
		{125834AA-1423-4994-9566-B0AEFDF8A772}.Debug|ARM.ActiveCfg = Debug|Any CPU
		{125834AA-1423-4994-9566-B0AEFDF8A772}.Debug|ARM.Build.0 = Debug|Any CPU
		{125834AA-1423-4994-9566-B0AEFDF8A772}.Debug|ARM.Deploy.0 = Debug|Any CPU
		{125834AA-1423-4994-9566-B0AEFDF8A772}.Debug|iPhone.ActiveCfg = Debug|Any CPU
		{125834AA-1423-4994-9566-B0AEFDF8A772}.Debug|iPhone.Build.0 = Debug|Any CPU
		{125834AA-1423-4994-9566-B0AEFDF8A772}.Debug|iPhone.Deploy.0 = Debug|Any CPU
		{125834AA-1423-4994-9566-B0AEFDF8A772}.Debug|iPhoneSimulator.ActiveCfg = Debug|Any CPU
		{125834AA-1423-4994-9566-B0AEFDF8A772}.Debug|iPhoneSimulator.Build.0 = Debug|Any CPU
		{125834AA-1423-4994-9566-B0AEFDF8A772}.Debug|iPhoneSimulator.Deploy.0 = Debug|Any CPU
		{125834AA-1423-4994-9566-B0AEFDF8A772}.Debug|x64.ActiveCfg = Debug|Any CPU
		{125834AA-1423-4994-9566-B0AEFDF8A772}.Debug|x64.Build.0 = Debug|Any CPU
		{125834AA-1423-4994-9566-B0AEFDF8A772}.Debug|x64.Deploy.0 = Debug|Any CPU
		{125834AA-1423-4994-9566-B0AEFDF8A772}.Debug|x86.ActiveCfg = Debug|Any CPU
		{125834AA-1423-4994-9566-B0AEFDF8A772}.Debug|x86.Build.0 = Debug|Any CPU
		{125834AA-1423-4994-9566-B0AEFDF8A772}.Debug|x86.Deploy.0 = Debug|Any CPU
		{125834AA-1423-4994-9566-B0AEFDF8A772}.Release|Any CPU.ActiveCfg = Release|Any CPU
		{125834AA-1423-4994-9566-B0AEFDF8A772}.Release|Any CPU.Build.0 = Release|Any CPU
		{125834AA-1423-4994-9566-B0AEFDF8A772}.Release|Any CPU.Deploy.0 = Release|Any CPU
		{125834AA-1423-4994-9566-B0AEFDF8A772}.Release|ARM.ActiveCfg = Release|Any CPU
		{125834AA-1423-4994-9566-B0AEFDF8A772}.Release|ARM.Build.0 = Release|Any CPU
		{125834AA-1423-4994-9566-B0AEFDF8A772}.Release|ARM.Deploy.0 = Release|Any CPU
		{125834AA-1423-4994-9566-B0AEFDF8A772}.Release|iPhone.ActiveCfg = Release|Any CPU
		{125834AA-1423-4994-9566-B0AEFDF8A772}.Release|iPhone.Build.0 = Release|Any CPU
		{125834AA-1423-4994-9566-B0AEFDF8A772}.Release|iPhone.Deploy.0 = Release|Any CPU
		{125834AA-1423-4994-9566-B0AEFDF8A772}.Release|iPhoneSimulator.ActiveCfg = Release|Any CPU
		{125834AA-1423-4994-9566-B0AEFDF8A772}.Release|iPhoneSimulator.Build.0 = Release|Any CPU
		{125834AA-1423-4994-9566-B0AEFDF8A772}.Release|iPhoneSimulator.Deploy.0 = Release|Any CPU
		{125834AA-1423-4994-9566-B0AEFDF8A772}.Release|x64.ActiveCfg = Release|Any CPU
		{125834AA-1423-4994-9566-B0AEFDF8A772}.Release|x64.Build.0 = Release|Any CPU
		{125834AA-1423-4994-9566-B0AEFDF8A772}.Release|x64.Deploy.0 = Release|Any CPU
		{125834AA-1423-4994-9566-B0AEFDF8A772}.Release|x86.ActiveCfg = Release|Any CPU
		{125834AA-1423-4994-9566-B0AEFDF8A772}.Release|x86.Build.0 = Release|Any CPU
		{125834AA-1423-4994-9566-B0AEFDF8A772}.Release|x86.Deploy.0 = Release|Any CPU
	EndGlobalSection
	GlobalSection(SolutionProperties) = preSolution
		HideSolutionNode = FALSE
	EndGlobalSection
	GlobalSection(ExtensibilityGlobals) = postSolution
		SolutionGuid = {DBB66D38-3947-4B77-B525-BC22FC3B690B}
	EndGlobalSection
EndGlobal
